
Microsoft Visual Studio Solution File, Format Version 12.00
# Visual Studio Version 17
VisualStudioVersion = 17.10.35013.160
MinimumVisualStudioVersion = 10.0.40219.1
Project("{9A19103F-16F7-4668-BE54-9A1E7A4F7556}") = "Aov Mod GUI", "Aov Mod GUI\Aov Mod GUI.csproj", "{DBA871DB-CF04-4658-8367-11BBB3EB7099}"
EndProject
Project("{9A19103F-16F7-4668-BE54-9A1E7A4F7556}") = "AovClass", "..\AovClass\AovClass\AovClass.csproj", "{CD03D80D-4762-4B83-949D-DA39B996C22F}"
EndProject
Global
	GlobalSection(SolutionConfigurationPlatforms) = preSolution
		Debug|Any CPU = Debug|Any CPU
		Release|Any CPU = Release|Any CPU
	EndGlobalSection
	GlobalSection(ProjectConfigurationPlatforms) = postSolution
		{DBA871DB-CF04-4658-8367-11BBB3EB7099}.Debug|Any CPU.ActiveCfg = Debug|Any CPU
		{DBA871DB-CF04-4658-8367-11BBB3EB7099}.Debug|Any CPU.Build.0 = Debug|Any CPU
		{DBA871DB-CF04-4658-8367-11BBB3EB7099}.Release|Any CPU.ActiveCfg = Release|Any CPU
		{DBA871DB-CF04-4658-8367-11BBB3EB7099}.Release|Any CPU.Build.0 = Release|Any CPU
		{CD03D80D-4762-4B83-949D-DA39B996C22F}.Debug|Any CPU.ActiveCfg = Debug|Any CPU
		{CD03D80D-4762-4B83-949D-DA39B996C22F}.Debug|Any CPU.Build.0 = Debug|Any CPU
		{CD03D80D-4762-4B83-949D-DA39B996C22F}.Release|Any CPU.ActiveCfg = Release|Any CPU
		{CD03D80D-4762-4B83-949D-DA39B996C22F}.Release|Any CPU.Build.0 = Release|Any CPU
	EndGlobalSection
	GlobalSection(SolutionProperties) = preSolution
		HideSolutionNode = FALSE
	EndGlobalSection
	GlobalSection(ExtensibilityGlobals) = postSolution
		SolutionGuid = {BD9EAF8B-21EF-4A6B-A27C-41B15585B186}
	EndGlobalSection
EndGlobal
